{
  "name": "js",
  "version": "0.0.0",
  "lockfileVersion": 3,
  "requires": true,
  "packages": {
    "": {
      "name": "js",
      "version": "0.0.0",
      "dependencies": {
        "konva": "^9.3.2"
      }
    },
    "node_modules/konva": {
      "version": "9.3.2",
      "resolved": "https://registry.npmjs.org/konva/-/konva-9.3.2.tgz",
      "integrity": "sha512-I4CFGVbWKpzgYi1I0pmoHz8iYfmGc/A61yfltzcuBHMFuBwDsR2VnQo4+eFQ1dGyEAmHcdvTumJ871KqkhuGng==",
      "funding": [
        {
          "type": "patreon",
          "url": "https://www.patreon.com/lavrton"
        },
        {
          "type": "opencollective",
          "url": "https://opencollective.com/konva"
        },
        {
          "type": "github",
          "url": "https://github.com/sponsors/lavrton"
        }
      ]
    }
  }
}
